{
  "name": "dsm-landing",
  "version": "1.0.0",
  "lockfileVersion": 2,
  "requires": true,
  "packages": {
    "": {
      "version": "1.0.0",
      "dependencies": {
        "@angular/common": "~11.0.3",
        "@angular/compiler": "~11.0.3",
        "@angular/core": "~11.0.5",
        "@angular/platform-browser": "~11.0.3",
        "@angular/platform-browser-dynamic": "~11.0.3",
        "@angular/router": "~11.0.3",
        "@fortawesome/fontawesome-free": "^5.15.1",
        "bootstrap": "^4.5.3",
        "core-js": "^2.6.11",
        "tslib": "^2.0.0",
        "zone.js": "~0.10.3"
      },
      "devDependencies": {
        "@angular-devkit/build-angular": "~0.1100.3",
        "@angular/cli": "~11.0.3",
        "@angular/compiler-cli": "~11.0.3",
        "@angular/language-service": "~11.0.3",
        "@types/core-js": "^2.5.4",
        "@types/jasmine": "~3.6.0",
        "@types/jasminewd2": "^2.0.8",
        "@types/node": "^12.11.1",
        "codelyzer": "^6.0.0",
        "jasmine-core": "~3.6.0",
        "jasmine-spec-reporter": "~5.0.0",
        "karma": "~5.0.0",
        "karma-chrome-launcher": "~3.1.0",
        "karma-coverage-istanbul-reporter": "~3.0.2",
        "karma-jasmine": "~4.0.0",
        "karma-jasmine-html-reporter": "^1.5.0",
        "protractor": "~7.0.0",
        "ts-node": "~7.0.0",
        "tslint": "~6.1.0",
        "typescript": "~4.0.5"
      }
    },
    "node_modules/@angular-devkit/build-angular": {
      "version": "0.1100.3",
      "resolved": "https://registry.yarnpkg.com/@angular-devkit/build-angular/-/build-angular-0.1100.3.tgz",
      "integrity": "sha1-N2V0dJDtG+NVDNzIeTcWxJfaxJw= sha512-4Zng6I+QOPFx6uAdNxgKDYXeHYvowU2bANtsG0KFDxc5RN64FyqK2lZlTUPS6SejX14hOyj81/f4MIl25r7Xgg==",
      "dev": true,
      "engines": {
        "node": ">= 10.13.0",
        "npm": ">= 6.11.0",
        "yarn": ">= 1.13.0"
      }
    },
    "node_modules/@angular/cli": {
      "version": "11.0.3",
      "resolved": "https://registry.yarnpkg.com/@angular/cli/-/cli-11.0.3.tgz",
      "integrity": "sha1-WMSLeXYomm+9LuuEZK5dvgRo4wY= sha512-ytYVvALJ1YRDZYoqNoUcE4SLyNcMyt2V+Youaasj+C43V0h1GzHZ4J6G4X9sKaaiNAGV4GKjB9r7jzCymaiq+A==",
      "dev": true,
      "bin": {
        "ng": "bin/ng"
      },
      "engines": {
        "node": ">= 10.13.0",
        "npm": ">= 6.11.0",
        "yarn": ">= 1.13.0"
      }
    },
    "node_modules/@angular/common": {
      "version": "11.0.3",
      "resolved": "https://registry.yarnpkg.com/@angular/common/-/common-11.0.3.tgz",
      "integrity": "sha1-mvQvnOo0yqyXE5bny5xxuGCeh/4= sha512-g5j6pwN6GOcqIDMV87/ZELm/VlWBvMj2vewIBr0a9KSA/pdAe6rvWR9kfnK9G6GFLv6ST3mq8HWe7NGyF1jpTw=="
    },
    "node_modules/@angular/compiler": {
      "version": "11.0.3",
      "resolved": "https://registry.yarnpkg.com/@angular/compiler/-/compiler-11.0.3.tgz",
      "integrity": "sha1-G/nR1YrLEvAsFtlxVd6QYyRqPCM= sha512-OjfG4TzCzqNyHO4NmQNM7kdaWlbGrfXyB2i2Kd30PS9Z8s9cuhBBZS23P8NEEYNy1PjhI26cmiozrdMZl0hTUw=="
    },
    "node_modules/@angular/compiler-cli": {
      "version": "11.0.3",
      "resolved": "https://registry.yarnpkg.com/@angular/compiler-cli/-/compiler-cli-11.0.3.tgz",
      "integrity": "sha1-MzBzDhlSBtHQH+4BtMQFCM913j8= sha512-i4AOShdsFcEecnu5Ulq5pRrtJBmF3F6KQTysSenzZ+Wdtne8Dk5Vx0kEIwtEFqdQwzzTshTJL5L0FCSE3mgOBw==",
      "dev": true,
      "bin": {
        "ivy-ngcc": "ngcc/main-ivy-ngcc.js",
        "ng-xi18n": "src/extract_i18n.js",
        "ngc": "src/main.js",
        "ngcc": "ngcc/main-ngcc.js"
      },
      "engines": {
        "node": ">=10.0"
      }
    },
    "node_modules/@angular/core": {
      "version": "11.0.9",
      "resolved": "https://registry.yarnpkg.com/@angular/core/-/core-11.0.9.tgz",
      "integrity": "sha1-XlCa8tJYCgf53f47mc6Grmdona8= sha512-J0ff3UK2Cw7Z0eNLtUXrpMFvmmkvPPZWLYIwimyc1pZys7qsIVT6cy2ybGEOhbJgC6qt3fo0DoJV3pGXTalb8A=="
    },
    "node_modules/@angular/language-service": {
      "version": "11.0.3",
      "resolved": "https://registry.yarnpkg.com/@angular/language-service/-/language-service-11.0.3.tgz",
      "integrity": "sha1-5mxkHCsrerYoEhdYr6Qw+CxWiYA= sha512-9tCPCiFwXco3QJhVIAFBjUGD3RS3SBOoaUsNAB0mGTGT6xOgayo37Z5UuOOHKHdlEpTlCFVLnSVm8DMZ4ehYpw==",
      "dev": true
    },
    "node_modules/@angular/platform-browser": {
      "version": "11.0.3",
      "resolved": "https://registry.yarnpkg.com/@angular/platform-browser/-/platform-browser-11.0.3.tgz",
      "integrity": "sha1-l6LWb+p4RjUnaGP3MbQdJaOMVUY= sha512-cwpYnVomsIEc9kckwqKCX9pRsd6iOtGMRJs0HOMtOC9v43osBpTSfZvYuARJNwJBO+Gb4AZvbIPuFe0XnZtYYA=="
    },
    "node_modules/@angular/platform-browser-dynamic": {
      "version": "11.0.3",
      "resolved": "https://registry.yarnpkg.com/@angular/platform-browser-dynamic/-/platform-browser-dynamic-11.0.3.tgz",
      "integrity": "sha1-6Y5VoxE/6t2c93v+MYmLkvW7mhk= sha512-hqmlSxLhiG79Dp5He3zWn6OAHeAvjYurrQnJtLCr4ExVIi04rNWX+BjwUqCGyVMobe0T70JJAz+Bkl6vFiV3zw=="
    },
    "node_modules/@angular/router": {
      "version": "11.0.3",
      "resolved": "https://registry.yarnpkg.com/@angular/router/-/router-11.0.3.tgz",
      "integrity": "sha1-6LFcv9fyX6WJG7L/eHGF5VCl1fU= sha512-iw9jed7sels2CcLJmr0m4TXfoiu8u40a84D0PsEEm1FGEXe4KJQ/jiLQTfiFQywxBd4cvlUdbl4lPHoUN0bspw=="
    },
    "node_modules/@fortawesome/fontawesome-free": {
      "version": "5.15.1",
      "resolved": "https://registry.yarnpkg.com/@fortawesome/fontawesome-free/-/fontawesome-free-5.15.1.tgz",
      "integrity": "sha1-zP723b5Z+P6PaUeD4dPriJAtxes= sha512-OEdH7SyC1suTdhBGW91/zBfR6qaIhThbcN8PUXtXilY4GYnSBbVqOntdHbC1vXwsDnX0Qix2m2+DSU1J51ybOQ==",
      "engines": {
        "node": ">=6"
      }
    },
    "node_modules/@types/core-js": {
      "version": "2.5.4",
      "resolved": "https://registry.yarnpkg.com/@types/core-js/-/core-js-2.5.4.tgz",
      "integrity": "sha1-/ELr3n2c+nxfJmjxF0SbAjSOQf0= sha512-Xwy8o12ak+iYgFr/KCVaVK5Sy+jFMiiPAID3+ObvMlBzy26XQJw5xu+a6rlHsrJENXj/AwJOGsJpVohUjAzSKQ==",
      "dev": true
    },
    "node_modules/@types/jasmine": {
      "version": "3.6.2",
      "resolved": "https://registry.yarnpkg.com/@types/jasmine/-/jasmine-3.6.2.tgz",
      "integrity": "sha1-AvZEUAFvfecPFF1pi+MRE218Y3Q= sha512-AzfesNFLvOs6Q1mHzIsVJXSeUnqVh4ZHG8ngygKJfbkcSLwzrBVm/LKa+mR8KrOfnWtUL47112gde1MC0IXqpQ==",
      "dev": true
    },
    "node_modules/@types/jasminewd2": {
      "version": "2.0.8",
      "resolved": "https://registry.yarnpkg.com/@types/jasminewd2/-/jasminewd2-2.0.8.tgz",
      "integrity": "sha1-Z6/lCY1e8jhgc6e3OEtpqEDf6Ts= sha512-d9p31r7Nxk0ZH0U39PTH0hiDlJ+qNVGjlt1ucOoTUptxb2v+Y5VMnsxfwN+i3hK4yQnqBi3FMmoMFcd1JHDxdg==",
      "dev": true
    },
    "node_modules/@types/node": {
      "version": "12.19.8",
      "resolved": "https://registry.yarnpkg.com/@types/node/-/node-12.19.8.tgz",
      "integrity": "sha1-79bRqQUlUZ/GCMnbFsinj3aTqXg= sha512-D4k2kNi0URNBxIRCb1khTnkWNHv8KSL1owPmS/K5e5t8B2GzMReY7AsJIY1BnP5KdlgC4rj9jk2IkDMasIE7xg==",
      "dev": true
    },
    "node_modules/bootstrap": {
      "version": "4.5.3",
      "resolved": "https://registry.yarnpkg.com/bootstrap/-/bootstrap-4.5.3.tgz",
      "integrity": "sha1-xqcrNVqvMjkgvoACRqbk7zCZf+Y= sha512-o9ppKQioXGqhw8Z7mah6KdTYpNQY//tipnkxppWhPbiSWdD+1raYsnhwEZjkTHYbGee4cVQ0Rx65EhOY/HNLcQ=="
    },
    "node_modules/codelyzer": {
      "version": "6.0.1",
      "resolved": "https://registry.yarnpkg.com/codelyzer/-/codelyzer-6.0.1.tgz",
      "integrity": "sha1-wOlmjoRyVbN8dZ5o+ycAsR4nfQ8= sha512-cOyGQgMdhnRYtW2xrJUNrNYDjEgwQ+BrE2y93Bwz3h4DJ6vJRLfupemU5N3pbYsUlBHJf0u1j1UGk+NLW4d97g==",
      "dev": true
    },
    "node_modules/core-js": {
      "version": "2.6.12",
      "resolved": "https://registry.yarnpkg.com/core-js/-/core-js-2.6.12.tgz",
      "integrity": "sha1-2TM9+nsGXjR8xWgiGdb2kIWcwuw= sha512-Kb2wC0fvsWfQrgk8HU5lW6U/Lcs8+9aaYcy4ZFc6DDlo4nZ7n70dEgE5rtR0oG6ufKDUnrwfWL1mXR5ljDatrQ=="
    },
    "node_modules/jasmine-core": {
      "version": "3.6.0",
      "resolved": "https://registry.yarnpkg.com/jasmine-core/-/jasmine-core-3.6.0.tgz",
      "integrity": "sha1-SR87sjlBeZw1POt6RbOKlQ68WiA= sha512-8uQYa7zJN8hq9z+g8z1bqCfdC8eoDAeVnM5sfqs7KHv9/ifoJ500m018fpFc7RDaO6SWCLCXwo/wPSNcdYTgcw==",
      "dev": true
    },
    "node_modules/jasmine-spec-reporter": {
      "version": "5.0.2",
      "resolved": "https://registry.yarnpkg.com/jasmine-spec-reporter/-/jasmine-spec-reporter-5.0.2.tgz",
      "integrity": "sha1-thKIqwdK1EDcJHfE1ChAsOdKa5U= sha512-6gP1LbVgJ+d7PKksQBc2H0oDGNRQI3gKUsWlswKaQ2fif9X5gzhQcgM5+kiJGCQVurOG09jqNhk7payggyp5+g==",
      "dev": true
    },
    "node_modules/karma": {
      "version": "5.0.9",
      "resolved": "https://registry.yarnpkg.com/karma/-/karma-5.0.9.tgz",
      "integrity": "sha1-EaEZsMdjqAb9xHG0DFlKIkC1yhM= sha512-dUA5z7Lo7G4FRSe1ZAXqOINEEWxmCjDBbfRBmU/wYlSMwxUQJP/tEEP90yJt3Uqo03s9rCgVnxtlfq+uDhxSPg==",
      "dev": true,
      "bin": {
        "karma": "bin/karma"
      },
      "engines": {
        "node": ">= 10"
      }
    },
    "node_modules/karma-chrome-launcher": {
      "version": "3.1.0",
      "resolved": "https://registry.yarnpkg.com/karma-chrome-launcher/-/karma-chrome-launcher-3.1.0.tgz",
      "integrity": "sha1-gFpYZ5mk0F9OVPcqIEl58/MGZzg= sha512-3dPs/n7vgz1rxxtynpzZTvb9y/GIaW8xjAwcIGttLbycqoFtI7yo1NGnQi6oFTherRE+GIhCAHZC4vEqWGhNvg==",
      "dev": true
    },
    "node_modules/karma-coverage-istanbul-reporter": {
      "version": "3.0.3",
      "resolved": "https://registry.yarnpkg.com/karma-coverage-istanbul-reporter/-/karma-coverage-istanbul-reporter-3.0.3.tgz",
      "integrity": "sha1-87UwNVOq3I5oHUDTYN/cGbx+n+k= sha512-wE4VFhG/QZv2Y4CdAYWDbMmcAHeS926ZIji4z+FkB2aF/EposRb6DP6G5ncT/wXhqUfAb/d7kZrNKPonbvsATw==",
      "dev": true
    },
    "node_modules/karma-jasmine": {
      "version": "4.0.1",
      "resolved": "https://registry.yarnpkg.com/karma-jasmine/-/karma-jasmine-4.0.1.tgz",
      "integrity": "sha1-uZ4HO22ZpRlvxL/8EhuJMTsKvYI= sha512-h8XDAhTiZjJKzfkoO1laMH+zfNlra+dEQHUAjpn5JV1zCPtOIVWGQjLBrqhnzQa/hrU2XrZwSyBa6XjEBzfXzw==",
      "dev": true,
      "engines": {
        "node": ">= 10"
      }
    },
    "node_modules/karma-jasmine-html-reporter": {
      "version": "1.5.4",
      "resolved": "https://registry.yarnpkg.com/karma-jasmine-html-reporter/-/karma-jasmine-html-reporter-1.5.4.tgz",
      "integrity": "sha1-Zp8z1pTYj84bDM/aVxEd5xbLAZI= sha512-PtilRLno5O6wH3lDihRnz0Ba8oSn0YUJqKjjux1peoYGwo0AQqrWRbdWk/RLzcGlb+onTyXAnHl6M+Hu3UxG/Q==",
      "dev": true
    },
    "node_modules/protractor": {
      "version": "7.0.0",
      "resolved": "https://registry.yarnpkg.com/protractor/-/protractor-7.0.0.tgz",
      "integrity": "sha1-w+JjYIvXLiwtyAKxGncnEaR5LQM= sha512-UqkFjivi4GcvUQYzqGYNe0mLzfn5jiLmO8w9nMhQoJRLhy2grJonpga2IWhI6yJO30LibWXJJtA4MOIZD2GgZw==",
      "dev": true,
      "bin": {
        "protractor": "bin/protractor",
        "webdriver-manager": "bin/webdriver-manager"
      },
      "engines": {
        "node": ">=10.13.x"
      }
    },
    "node_modules/ts-node": {
      "version": "7.0.1",
      "resolved": "https://registry.yarnpkg.com/ts-node/-/ts-node-7.0.1.tgz",
      "integrity": "sha1-lWLcLR5tJI0kvFX3c+P2FDN9m68= sha512-BVwVbPJRspzNh2yfslyT1PSbl5uIk03EZlb493RKHN4qej/D06n1cEhjlOJG69oFsE7OT8XjpTUcYf6pKTLMhw==",
      "dev": true,
      "bin": {
        "ts-node": "dist/bin.js"
      },
      "engines": {
        "node": ">=4.2.0"
      }
    },
    "node_modules/tslib": {
      "version": "2.0.3",
      "resolved": "https://registry.yarnpkg.com/tslib/-/tslib-2.0.3.tgz",
      "integrity": "sha1-jgdBrEX8DCJuWKF7/D5kubxsphw= sha512-uZtkfKblCEQtZKBF6EBXVZeQNl82yqtDQdv+eck8u7tdPxjLu2/lp5/uPW+um2tpuxINHWy3GhiccY7QgEaVHQ=="
    },
    "node_modules/tslint": {
      "version": "6.1.3",
      "resolved": "https://registry.yarnpkg.com/tslint/-/tslint-6.1.3.tgz",
      "integrity": "sha1-XCOy7MwySH1VI706Rw6aoxeJ2QQ= sha512-IbR4nkT96EQOvKE2PW/djGz8iGNeJ4rF2mBfiYaR/nvUWYKJhLwimoJKgjIFEIDibBtOevj7BqCRL4oHeWWUCg==",
      "dev": true,
      "bin": {
        "tslint": "bin/tslint"
      },
      "engines": {
        "node": ">=4.8.0"
      }
    },
    "node_modules/typescript": {
      "version": "4.0.5",
      "resolved": "https://registry.yarnpkg.com/typescript/-/typescript-4.0.5.tgz",
      "integrity": "sha1-rp3d/RBp8ctb6z7zshcN18EzI4k= sha512-ywmr/VrTVCmNTJ6iV2LwIrfG1P+lv6luD8sUJs+2eI9NLGigaN+nUQc13iHqisq7bra9lnmUSYqbJvegraBOPQ==",
      "dev": true,
      "bin": {
        "tsc": "bin/tsc",
        "tsserver": "bin/tsserver"
      },
      "engines": {
        "node": ">=4.2.0"
      }
    },
    "node_modules/zone.js": {
      "version": "0.10.3",
      "resolved": "https://registry.yarnpkg.com/zone.js/-/zone.js-0.10.3.tgz",
      "integrity": "sha1-Pl5NoDxgfJ3NkuN901aHoUoUDBY= sha512-LXVLVEq0NNOqK/fLJo3d0kfzd4sxwn2/h67/02pjCjfKDxgx1i9QqpvtHD8CrBnSSwMw5+dy11O7FRX5mkO7Cg=="
    }
  },
  "dependencies": {
    "@angular-devkit/build-angular": {
      "version": "0.1100.3",
      "resolved": "https://registry.yarnpkg.com/@angular-devkit/build-angular/-/build-angular-0.1100.3.tgz",
      "integrity": "sha1-N2V0dJDtG+NVDNzIeTcWxJfaxJw= sha512-4Zng6I+QOPFx6uAdNxgKDYXeHYvowU2bANtsG0KFDxc5RN64FyqK2lZlTUPS6SejX14hOyj81/f4MIl25r7Xgg==",
      "dev": true
    },
    "@angular/cli": {
      "version": "11.0.3",
      "resolved": "https://registry.yarnpkg.com/@angular/cli/-/cli-11.0.3.tgz",
      "integrity": "sha1-WMSLeXYomm+9LuuEZK5dvgRo4wY= sha512-ytYVvALJ1YRDZYoqNoUcE4SLyNcMyt2V+Youaasj+C43V0h1GzHZ4J6G4X9sKaaiNAGV4GKjB9r7jzCymaiq+A==",
      "dev": true
    },
    "@angular/common": {
      "version": "11.0.3",
      "resolved": "https://registry.yarnpkg.com/@angular/common/-/common-11.0.3.tgz",
      "integrity": "sha1-mvQvnOo0yqyXE5bny5xxuGCeh/4= sha512-g5j6pwN6GOcqIDMV87/ZELm/VlWBvMj2vewIBr0a9KSA/pdAe6rvWR9kfnK9G6GFLv6ST3mq8HWe7NGyF1jpTw=="
    },
    "@angular/compiler": {
      "version": "11.0.3",
      "resolved": "https://registry.yarnpkg.com/@angular/compiler/-/compiler-11.0.3.tgz",
      "integrity": "sha1-G/nR1YrLEvAsFtlxVd6QYyRqPCM= sha512-OjfG4TzCzqNyHO4NmQNM7kdaWlbGrfXyB2i2Kd30PS9Z8s9cuhBBZS23P8NEEYNy1PjhI26cmiozrdMZl0hTUw=="
    },
    "@angular/compiler-cli": {
      "version": "11.0.3",
      "resolved": "https://registry.yarnpkg.com/@angular/compiler-cli/-/compiler-cli-11.0.3.tgz",
      "integrity": "sha1-MzBzDhlSBtHQH+4BtMQFCM913j8= sha512-i4AOShdsFcEecnu5Ulq5pRrtJBmF3F6KQTysSenzZ+Wdtne8Dk5Vx0kEIwtEFqdQwzzTshTJL5L0FCSE3mgOBw==",
      "dev": true
    },
    "@angular/core": {
      "version": "11.0.9",
      "resolved": "https://registry.yarnpkg.com/@angular/core/-/core-11.0.9.tgz",
      "integrity": "sha1-XlCa8tJYCgf53f47mc6Grmdona8= sha512-J0ff3UK2Cw7Z0eNLtUXrpMFvmmkvPPZWLYIwimyc1pZys7qsIVT6cy2ybGEOhbJgC6qt3fo0DoJV3pGXTalb8A=="
    },
    "@angular/language-service": {
      "version": "11.0.3",
      "resolved": "https://registry.yarnpkg.com/@angular/language-service/-/language-service-11.0.3.tgz",
      "integrity": "sha1-5mxkHCsrerYoEhdYr6Qw+CxWiYA= sha512-9tCPCiFwXco3QJhVIAFBjUGD3RS3SBOoaUsNAB0mGTGT6xOgayo37Z5UuOOHKHdlEpTlCFVLnSVm8DMZ4ehYpw==",
      "dev": true
    },
    "@angular/platform-browser": {
      "version": "11.0.3",
      "resolved": "https://registry.yarnpkg.com/@angular/platform-browser/-/platform-browser-11.0.3.tgz",
      "integrity": "sha1-l6LWb+p4RjUnaGP3MbQdJaOMVUY= sha512-cwpYnVomsIEc9kckwqKCX9pRsd6iOtGMRJs0HOMtOC9v43osBpTSfZvYuARJNwJBO+Gb4AZvbIPuFe0XnZtYYA=="
    },
    "@angular/platform-browser-dynamic": {
      "version": "11.0.3",
      "resolved": "https://registry.yarnpkg.com/@angular/platform-browser-dynamic/-/platform-browser-dynamic-11.0.3.tgz",
      "integrity": "sha1-6Y5VoxE/6t2c93v+MYmLkvW7mhk= sha512-hqmlSxLhiG79Dp5He3zWn6OAHeAvjYurrQnJtLCr4ExVIi04rNWX+BjwUqCGyVMobe0T70JJAz+Bkl6vFiV3zw=="
    },
    "@angular/router": {
      "version": "11.0.3",
      "resolved": "https://registry.yarnpkg.com/@angular/router/-/router-11.0.3.tgz",
      "integrity": "sha1-6LFcv9fyX6WJG7L/eHGF5VCl1fU= sha512-iw9jed7sels2CcLJmr0m4TXfoiu8u40a84D0PsEEm1FGEXe4KJQ/jiLQTfiFQywxBd4cvlUdbl4lPHoUN0bspw=="
    },
    "@fortawesome/fontawesome-free": {
      "version": "5.15.1",
      "resolved": "https://registry.yarnpkg.com/@fortawesome/fontawesome-free/-/fontawesome-free-5.15.1.tgz",
      "integrity": "sha1-zP723b5Z+P6PaUeD4dPriJAtxes= sha512-OEdH7SyC1suTdhBGW91/zBfR6qaIhThbcN8PUXtXilY4GYnSBbVqOntdHbC1vXwsDnX0Qix2m2+DSU1J51ybOQ=="
    },
    "@types/core-js": {
      "version": "2.5.4",
      "resolved": "https://registry.yarnpkg.com/@types/core-js/-/core-js-2.5.4.tgz",
      "integrity": "sha1-/ELr3n2c+nxfJmjxF0SbAjSOQf0= sha512-Xwy8o12ak+iYgFr/KCVaVK5Sy+jFMiiPAID3+ObvMlBzy26XQJw5xu+a6rlHsrJENXj/AwJOGsJpVohUjAzSKQ==",
      "dev": true
    },
    "@types/jasmine": {
      "version": "3.6.2",
      "resolved": "https://registry.yarnpkg.com/@types/jasmine/-/jasmine-3.6.2.tgz",
      "integrity": "sha1-AvZEUAFvfecPFF1pi+MRE218Y3Q= sha512-AzfesNFLvOs6Q1mHzIsVJXSeUnqVh4ZHG8ngygKJfbkcSLwzrBVm/LKa+mR8KrOfnWtUL47112gde1MC0IXqpQ==",
      "dev": true
    },
    "@types/jasminewd2": {
      "version": "2.0.8",
      "resolved": "https://registry.yarnpkg.com/@types/jasminewd2/-/jasminewd2-2.0.8.tgz",
      "integrity": "sha1-Z6/lCY1e8jhgc6e3OEtpqEDf6Ts= sha512-d9p31r7Nxk0ZH0U39PTH0hiDlJ+qNVGjlt1ucOoTUptxb2v+Y5VMnsxfwN+i3hK4yQnqBi3FMmoMFcd1JHDxdg==",
      "dev": true
    },
    "@types/node": {
      "version": "12.19.8",
      "resolved": "https://registry.yarnpkg.com/@types/node/-/node-12.19.8.tgz",
      "integrity": "sha1-79bRqQUlUZ/GCMnbFsinj3aTqXg= sha512-D4k2kNi0URNBxIRCb1khTnkWNHv8KSL1owPmS/K5e5t8B2GzMReY7AsJIY1BnP5KdlgC4rj9jk2IkDMasIE7xg==",
      "dev": true
    },
    "bootstrap": {
      "version": "4.5.3",
      "resolved": "https://registry.yarnpkg.com/bootstrap/-/bootstrap-4.5.3.tgz",
      "integrity": "sha1-xqcrNVqvMjkgvoACRqbk7zCZf+Y= sha512-o9ppKQioXGqhw8Z7mah6KdTYpNQY//tipnkxppWhPbiSWdD+1raYsnhwEZjkTHYbGee4cVQ0Rx65EhOY/HNLcQ=="
    },
    "codelyzer": {
      "version": "6.0.1",
      "resolved": "https://registry.yarnpkg.com/codelyzer/-/codelyzer-6.0.1.tgz",
      "integrity": "sha1-wOlmjoRyVbN8dZ5o+ycAsR4nfQ8= sha512-cOyGQgMdhnRYtW2xrJUNrNYDjEgwQ+BrE2y93Bwz3h4DJ6vJRLfupemU5N3pbYsUlBHJf0u1j1UGk+NLW4d97g==",
      "dev": true
    },
    "core-js": {
      "version": "2.6.12",
      "resolved": "https://registry.yarnpkg.com/core-js/-/core-js-2.6.12.tgz",
      "integrity": "sha1-2TM9+nsGXjR8xWgiGdb2kIWcwuw= sha512-Kb2wC0fvsWfQrgk8HU5lW6U/Lcs8+9aaYcy4ZFc6DDlo4nZ7n70dEgE5rtR0oG6ufKDUnrwfWL1mXR5ljDatrQ=="
    },
    "jasmine-core": {
      "version": "3.6.0",
      "resolved": "https://registry.yarnpkg.com/jasmine-core/-/jasmine-core-3.6.0.tgz",
      "integrity": "sha1-SR87sjlBeZw1POt6RbOKlQ68WiA= sha512-8uQYa7zJN8hq9z+g8z1bqCfdC8eoDAeVnM5sfqs7KHv9/ifoJ500m018fpFc7RDaO6SWCLCXwo/wPSNcdYTgcw==",
      "dev": true
    },
    "jasmine-spec-reporter": {
      "version": "5.0.2",
      "resolved": "https://registry.yarnpkg.com/jasmine-spec-reporter/-/jasmine-spec-reporter-5.0.2.tgz",
      "integrity": "sha1-thKIqwdK1EDcJHfE1ChAsOdKa5U= sha512-6gP1LbVgJ+d7PKksQBc2H0oDGNRQI3gKUsWlswKaQ2fif9X5gzhQcgM5+kiJGCQVurOG09jqNhk7payggyp5+g==",
      "dev": true
    },
    "karma": {
      "version": "5.0.9",
      "resolved": "https://registry.yarnpkg.com/karma/-/karma-5.0.9.tgz",
      "integrity": "sha1-EaEZsMdjqAb9xHG0DFlKIkC1yhM= sha512-dUA5z7Lo7G4FRSe1ZAXqOINEEWxmCjDBbfRBmU/wYlSMwxUQJP/tEEP90yJt3Uqo03s9rCgVnxtlfq+uDhxSPg==",
      "dev": true
    },
    "karma-chrome-launcher": {
      "version": "3.1.0",
      "resolved": "https://registry.yarnpkg.com/karma-chrome-launcher/-/karma-chrome-launcher-3.1.0.tgz",
      "integrity": "sha1-gFpYZ5mk0F9OVPcqIEl58/MGZzg= sha512-3dPs/n7vgz1rxxtynpzZTvb9y/GIaW8xjAwcIGttLbycqoFtI7yo1NGnQi6oFTherRE+GIhCAHZC4vEqWGhNvg==",
      "dev": true
    },
    "karma-coverage-istanbul-reporter": {
      "version": "3.0.3",
      "resolved": "https://registry.yarnpkg.com/karma-coverage-istanbul-reporter/-/karma-coverage-istanbul-reporter-3.0.3.tgz",
      "integrity": "sha1-87UwNVOq3I5oHUDTYN/cGbx+n+k= sha512-wE4VFhG/QZv2Y4CdAYWDbMmcAHeS926ZIji4z+FkB2aF/EposRb6DP6G5ncT/wXhqUfAb/d7kZrNKPonbvsATw==",
      "dev": true
    },
    "karma-jasmine": {
      "version": "4.0.1",
      "resolved": "https://registry.yarnpkg.com/karma-jasmine/-/karma-jasmine-4.0.1.tgz",
      "integrity": "sha1-uZ4HO22ZpRlvxL/8EhuJMTsKvYI= sha512-h8XDAhTiZjJKzfkoO1laMH+zfNlra+dEQHUAjpn5JV1zCPtOIVWGQjLBrqhnzQa/hrU2XrZwSyBa6XjEBzfXzw==",
      "dev": true
    },
    "karma-jasmine-html-reporter": {
      "version": "1.5.4",
      "resolved": "https://registry.yarnpkg.com/karma-jasmine-html-reporter/-/karma-jasmine-html-reporter-1.5.4.tgz",
      "integrity": "sha1-Zp8z1pTYj84bDM/aVxEd5xbLAZI= sha512-PtilRLno5O6wH3lDihRnz0Ba8oSn0YUJqKjjux1peoYGwo0AQqrWRbdWk/RLzcGlb+onTyXAnHl6M+Hu3UxG/Q==",
      "dev": true
    },
    "protractor": {
      "version": "7.0.0",
      "resolved": "https://registry.yarnpkg.com/protractor/-/protractor-7.0.0.tgz",
      "integrity": "sha1-w+JjYIvXLiwtyAKxGncnEaR5LQM= sha512-UqkFjivi4GcvUQYzqGYNe0mLzfn5jiLmO8w9nMhQoJRLhy2grJonpga2IWhI6yJO30LibWXJJtA4MOIZD2GgZw==",
      "dev": true
    },
    "ts-node": {
      "version": "7.0.1",
      "resolved": "https://registry.yarnpkg.com/ts-node/-/ts-node-7.0.1.tgz",
      "integrity": "sha1-lWLcLR5tJI0kvFX3c+P2FDN9m68= sha512-BVwVbPJRspzNh2yfslyT1PSbl5uIk03EZlb493RKHN4qej/D06n1cEhjlOJG69oFsE7OT8XjpTUcYf6pKTLMhw==",
      "dev": true
    },
    "tslib": {
      "version": "2.0.3",
      "resolved": "https://registry.yarnpkg.com/tslib/-/tslib-2.0.3.tgz",
      "integrity": "sha1-jgdBrEX8DCJuWKF7/D5kubxsphw= sha512-uZtkfKblCEQtZKBF6EBXVZeQNl82yqtDQdv+eck8u7tdPxjLu2/lp5/uPW+um2tpuxINHWy3GhiccY7QgEaVHQ=="
    },
    "tslint": {
      "version": "6.1.3",
      "resolved": "https://registry.yarnpkg.com/tslint/-/tslint-6.1.3.tgz",
      "integrity": "sha1-XCOy7MwySH1VI706Rw6aoxeJ2QQ= sha512-IbR4nkT96EQOvKE2PW/djGz8iGNeJ4rF2mBfiYaR/nvUWYKJhLwimoJKgjIFEIDibBtOevj7BqCRL4oHeWWUCg==",
      "dev": true
    },
    "typescript": {
      "version": "4.0.5",
      "resolved": "https://registry.yarnpkg.com/typescript/-/typescript-4.0.5.tgz",
      "integrity": "sha1-rp3d/RBp8ctb6z7zshcN18EzI4k= sha512-ywmr/VrTVCmNTJ6iV2LwIrfG1P+lv6luD8sUJs+2eI9NLGigaN+nUQc13iHqisq7bra9lnmUSYqbJvegraBOPQ==",
      "dev": true
    },
    "zone.js": {
      "version": "0.10.3",
      "resolved": "https://registry.yarnpkg.com/zone.js/-/zone.js-0.10.3.tgz",
      "integrity": "sha1-Pl5NoDxgfJ3NkuN901aHoUoUDBY= sha512-LXVLVEq0NNOqK/fLJo3d0kfzd4sxwn2/h67/02pjCjfKDxgx1i9QqpvtHD8CrBnSSwMw5+dy11O7FRX5mkO7Cg=="
    }
  }
}
